
Microsoft Visual Studio Solution File, Format Version 12.00
# Visual Studio Version 16
VisualStudioVersion = 16.0.31205.134
MinimumVisualStudioVersion = 10.0.40219.1
Project("{9A19103F-16F7-4668-BE54-9A1E7A4F7556}") = "MinDistBST", "MinDistBST\MinDistBST.csproj", "{46D3C845-8D19-4CD7-919C-272137FBF47C}"
EndProject
Project("{9A19103F-16F7-4668-BE54-9A1E7A4F7556}") = "Longest Univalue Path", "Longest Univalue Path\Longest Univalue Path.csproj", "{E73F0DE7-EC66-4D22-AC48-C7E9EFCCEBC6}"
EndProject
Project("{9A19103F-16F7-4668-BE54-9A1E7A4F7556}") = "AllPossibleFBT", "AllPossibleFBT\AllPossibleFBT.csproj", "{25C45D20-2848-471D-9CCE-DA7FAA8D9D69}"
EndProject
Project("{FAE04EC0-301F-11D3-BF4B-00C04F79EFBC}") = "RecursionEasy", "RecursionEasy\RecursionEasy.csproj", "{28728728-3495-468C-AE32-E7CE9079E7A9}"
EndProject
Global
	GlobalSection(SolutionConfigurationPlatforms) = preSolution
		Debug|Any CPU = Debug|Any CPU
		Release|Any CPU = Release|Any CPU
	EndGlobalSection
	GlobalSection(ProjectConfigurationPlatforms) = postSolution
		{46D3C845-8D19-4CD7-919C-272137FBF47C}.Debug|Any CPU.ActiveCfg = Debug|Any CPU
		{46D3C845-8D19-4CD7-919C-272137FBF47C}.Debug|Any CPU.Build.0 = Debug|Any CPU
		{46D3C845-8D19-4CD7-919C-272137FBF47C}.Release|Any CPU.ActiveCfg = Release|Any CPU
		{46D3C845-8D19-4CD7-919C-272137FBF47C}.Release|Any CPU.Build.0 = Release|Any CPU
		{E73F0DE7-EC66-4D22-AC48-C7E9EFCCEBC6}.Debug|Any CPU.ActiveCfg = Debug|Any CPU
		{E73F0DE7-EC66-4D22-AC48-C7E9EFCCEBC6}.Debug|Any CPU.Build.0 = Debug|Any CPU
		{E73F0DE7-EC66-4D22-AC48-C7E9EFCCEBC6}.Release|Any CPU.ActiveCfg = Release|Any CPU
		{E73F0DE7-EC66-4D22-AC48-C7E9EFCCEBC6}.Release|Any CPU.Build.0 = Release|Any CPU
		{25C45D20-2848-471D-9CCE-DA7FAA8D9D69}.Debug|Any CPU.ActiveCfg = Debug|Any CPU
		{25C45D20-2848-471D-9CCE-DA7FAA8D9D69}.Debug|Any CPU.Build.0 = Debug|Any CPU
		{25C45D20-2848-471D-9CCE-DA7FAA8D9D69}.Release|Any CPU.ActiveCfg = Release|Any CPU
		{25C45D20-2848-471D-9CCE-DA7FAA8D9D69}.Release|Any CPU.Build.0 = Release|Any CPU
		{28728728-3495-468C-AE32-E7CE9079E7A9}.Debug|Any CPU.ActiveCfg = Debug|Any CPU
		{28728728-3495-468C-AE32-E7CE9079E7A9}.Debug|Any CPU.Build.0 = Debug|Any CPU
		{28728728-3495-468C-AE32-E7CE9079E7A9}.Release|Any CPU.ActiveCfg = Release|Any CPU
		{28728728-3495-468C-AE32-E7CE9079E7A9}.Release|Any CPU.Build.0 = Release|Any CPU
	EndGlobalSection
	GlobalSection(SolutionProperties) = preSolution
		HideSolutionNode = FALSE
	EndGlobalSection
	GlobalSection(ExtensibilityGlobals) = postSolution
		SolutionGuid = {1FC8EF3A-86EA-427E-8A3A-17A23A49EB41}
	EndGlobalSection
EndGlobal
