
Microsoft Visual Studio Solution File, Format Version 12.00
# Visual Studio Version 16
VisualStudioVersion = 16.0.31205.134
MinimumVisualStudioVersion = 10.0.40219.1
Project("{FAE04EC0-301F-11D3-BF4B-00C04F79EFBC}") = "BinarySearchEasy", "BinarySearch\BinarySearchEasy.csproj", "{7D440E30-F9D6-421A-A8E9-4AA8DC086C84}"
EndProject
Project("{FAE04EC0-301F-11D3-BF4B-00C04F79EFBC}") = "BinarySearchMedium", "BinarySearchMedium\BinarySearchMedium.csproj", "{16CABB46-1D1B-42E5-95BE-B40DC2316A6F}"
EndProject
Global
	GlobalSection(SolutionConfigurationPlatforms) = preSolution
		Debug|Any CPU = Debug|Any CPU
		Release|Any CPU = Release|Any CPU
	EndGlobalSection
	GlobalSection(ProjectConfigurationPlatforms) = postSolution
		{7D440E30-F9D6-421A-A8E9-4AA8DC086C84}.Debug|Any CPU.ActiveCfg = Debug|Any CPU
		{7D440E30-F9D6-421A-A8E9-4AA8DC086C84}.Debug|Any CPU.Build.0 = Debug|Any CPU
		{7D440E30-F9D6-421A-A8E9-4AA8DC086C84}.Release|Any CPU.ActiveCfg = Release|Any CPU
		{7D440E30-F9D6-421A-A8E9-4AA8DC086C84}.Release|Any CPU.Build.0 = Release|Any CPU
		{16CABB46-1D1B-42E5-95BE-B40DC2316A6F}.Debug|Any CPU.ActiveCfg = Debug|Any CPU
		{16CABB46-1D1B-42E5-95BE-B40DC2316A6F}.Debug|Any CPU.Build.0 = Debug|Any CPU
		{16CABB46-1D1B-42E5-95BE-B40DC2316A6F}.Release|Any CPU.ActiveCfg = Release|Any CPU
		{16CABB46-1D1B-42E5-95BE-B40DC2316A6F}.Release|Any CPU.Build.0 = Release|Any CPU
	EndGlobalSection
	GlobalSection(SolutionProperties) = preSolution
		HideSolutionNode = FALSE
	EndGlobalSection
	GlobalSection(ExtensibilityGlobals) = postSolution
		SolutionGuid = {9A536B32-2161-4E19-B17C-BB36E3A176EC}
	EndGlobalSection
EndGlobal
